
Microsoft Visual Studio Solution File, Format Version 12.00
# Visual Studio Version 16
VisualStudioVersion = 16.0.30503.244
MinimumVisualStudioVersion = 10.0.40219.1
Project("{FAE04EC0-301F-11D3-BF4B-00C04F79EFBC}") = "GridApp.Android", "GridApp\GridApp.Android\GridApp.Android.csproj", "{C58EB377-8ECE-47A6-A2CC-8E999882381F}"
EndProject
Project("{FAE04EC0-301F-11D3-BF4B-00C04F79EFBC}") = "GridApp", "GridApp\GridApp\GridApp.csproj", "{4324D6A2-F309-4096-975E-51A61A4118B0}"
EndProject
Global
	GlobalSection(SolutionConfigurationPlatforms) = preSolution
		Debug|Any CPU = Debug|Any CPU
		Release|Any CPU = Release|Any CPU
	EndGlobalSection
	GlobalSection(ProjectConfigurationPlatforms) = postSolution
		{C58EB377-8ECE-47A6-A2CC-8E999882381F}.Debug|Any CPU.ActiveCfg = Debug|Any CPU
		{C58EB377-8ECE-47A6-A2CC-8E999882381F}.Debug|Any CPU.Build.0 = Debug|Any CPU
		{C58EB377-8ECE-47A6-A2CC-8E999882381F}.Debug|Any CPU.Deploy.0 = Debug|Any CPU
		{C58EB377-8ECE-47A6-A2CC-8E999882381F}.Release|Any CPU.ActiveCfg = Release|Any CPU
		{C58EB377-8ECE-47A6-A2CC-8E999882381F}.Release|Any CPU.Build.0 = Release|Any CPU
		{C58EB377-8ECE-47A6-A2CC-8E999882381F}.Release|Any CPU.Deploy.0 = Release|Any CPU
		{4324D6A2-F309-4096-975E-51A61A4118B0}.Debug|Any CPU.ActiveCfg = Debug|Any CPU
		{4324D6A2-F309-4096-975E-51A61A4118B0}.Debug|Any CPU.Build.0 = Debug|Any CPU
		{4324D6A2-F309-4096-975E-51A61A4118B0}.Release|Any CPU.ActiveCfg = Release|Any CPU
		{4324D6A2-F309-4096-975E-51A61A4118B0}.Release|Any CPU.Build.0 = Release|Any CPU
	EndGlobalSection
	GlobalSection(SolutionProperties) = preSolution
		HideSolutionNode = FALSE
	EndGlobalSection
	GlobalSection(ExtensibilityGlobals) = postSolution
		SolutionGuid = {E64CDEC5-CE33-4E4A-B71E-FDCD787584EB}
	EndGlobalSection
EndGlobal
